<?xml version="1.0" encoding="utf-8"?>
<Project ToolsVersion="4.0" xmlns="http://schemas.microsoft.com/developer/msbuild/2003">
  <ItemGroup>
    <ClCompile Include="main.cpp" />
    <ClCompile Include="Dx11App\Dx11App.cpp">
      <Filter>Dx11App</Filter>
    </ClCompile>
    <ClCompile Include="helpers\helpers.cpp">
      <Filter>helpers</Filter>
    </ClCompile>
  </ItemGroup>
  <ItemGroup>
    <Filter Include="Dx11App">
      <UniqueIdentifier>{7288ba4c-b206-4fa5-991b-4bff5d25917f}</UniqueIdentifier>
    </Filter>
    <Filter Include="Dx11App\Shaders">
      <UniqueIdentifier>{dc41e883-c11c-4ac2-b164-2829715d2082}</UniqueIdentifier>
    </Filter>
    <Filter Include="helpers">
      <UniqueIdentifier>{9696ea7d-497d-48d2-bd18-539ed4b72fb5}</UniqueIdentifier>
    </Filter>
  </ItemGroup>
  <ItemGroup>
    <ClInclude Include="Dx11App\Dx11App.h">
      <Filter>Dx11App</Filter>
    </ClInclude>
    <ClInclude Include="Dx11App\types.h">
      <Filter>Dx11App</Filter>
    </ClInclude>
    <ClInclude Include="helpers\helpers.h">
      <Filter>helpers</Filter>
    </ClInclude>
  </ItemGroup>
  <ItemGroup>
    <CustomBuild Include="Dx11App\Shaders\PixelShader.hlsl">
      <Filter>Dx11App\Shaders</Filter>
    </CustomBuild>
    <CustomBuild Include="Dx11App\Shaders\VertexShader.hlsl">
      <Filter>Dx11App\Shaders</Filter>
    </CustomBuild>
  </ItemGroup>
</Project>